
Microsoft Visual Studio Solution File, Format Version 12.00
# Visual Studio Version 17
VisualStudioVersion = 17.2.32630.192
MinimumVisualStudioVersion = 10.0.40219.1
Project("{FAE04EC0-301F-11D3-BF4B-00C04F79EFBC}") = "Rocky", "Rocky\Rocky.csproj", "{37E1D308-991A-4BC4-88E3-62D1652896AE}"
EndProject
Global
	GlobalSection(SolutionConfigurationPlatforms) = preSolution
		Debug|Any CPU = Debug|Any CPU
		Release|Any CPU = Release|Any CPU
	EndGlobalSection
	GlobalSection(ProjectConfigurationPlatforms) = postSolution
		{37E1D308-991A-4BC4-88E3-62D1652896AE}.Debug|Any CPU.ActiveCfg = Debug|Any CPU
		{37E1D308-991A-4BC4-88E3-62D1652896AE}.Debug|Any CPU.Build.0 = Debug|Any CPU
		{37E1D308-991A-4BC4-88E3-62D1652896AE}.Release|Any CPU.ActiveCfg = Release|Any CPU
		{37E1D308-991A-4BC4-88E3-62D1652896AE}.Release|Any CPU.Build.0 = Release|Any CPU
	EndGlobalSection
	GlobalSection(SolutionProperties) = preSolution
		HideSolutionNode = FALSE
	EndGlobalSection
	GlobalSection(ExtensibilityGlobals) = postSolution
		SolutionGuid = {5539D98A-1DBB-458F-A09F-CD31CA61724E}
	EndGlobalSection
EndGlobal
